
Microsoft Visual Studio Solution File, Format Version 12.00
# Visual Studio Version 17
VisualStudioVersion = 17.6.33815.320
MinimumVisualStudioVersion = 10.0.40219.1
Project("{FAE04EC0-301F-11D3-BF4B-00C04F79EFBC}") = "DownloadService", "DownloadService\DownloadService.csproj", "{80F6F920-332A-4C30-852D-B7572EBF5DC7}"
EndProject
Project("{E24C65DC-7377-472B-9ABA-BC803B73C61A}") = "IISHost", "IISHost\", "{74FFCF04-536A-430A-8DBE-883FA96A9BF5}"
	ProjectSection(WebsiteProperties) = preProject
		TargetFrameworkMoniker = ".NETFramework,Version%3Dv4.8.1"
		ProjectReferences = "{80f6f920-332a-4c30-852d-b7572ebf5dc7}|DownloadService.dll;"
		Debug.AspNetCompiler.VirtualPath = "/localhost_55530"
		Debug.AspNetCompiler.PhysicalPath = "IISHost\"
		Debug.AspNetCompiler.TargetPath = "PrecompiledWeb\localhost_55530\"
		Debug.AspNetCompiler.Updateable = "true"
		Debug.AspNetCompiler.ForceOverwrite = "true"
		Debug.AspNetCompiler.FixedNames = "false"
		Debug.AspNetCompiler.Debug = "True"
		Release.AspNetCompiler.VirtualPath = "/localhost_55530"
		Release.AspNetCompiler.PhysicalPath = "IISHost\"
		Release.AspNetCompiler.TargetPath = "PrecompiledWeb\localhost_55530\"
		Release.AspNetCompiler.Updateable = "true"
		Release.AspNetCompiler.ForceOverwrite = "true"
		Release.AspNetCompiler.FixedNames = "false"
		Release.AspNetCompiler.Debug = "False"
		VWDPort = "55530"
		SlnRelativePath = "IISHost\"
		DefaultWebSiteLanguage = "Visual C#"
	EndProjectSection
EndProject
Global
	GlobalSection(SolutionConfigurationPlatforms) = preSolution
		Debug|Any CPU = Debug|Any CPU
		Release|Any CPU = Release|Any CPU
	EndGlobalSection
	GlobalSection(ProjectConfigurationPlatforms) = postSolution
		{80F6F920-332A-4C30-852D-B7572EBF5DC7}.Debug|Any CPU.ActiveCfg = Debug|Any CPU
		{80F6F920-332A-4C30-852D-B7572EBF5DC7}.Debug|Any CPU.Build.0 = Debug|Any CPU
		{80F6F920-332A-4C30-852D-B7572EBF5DC7}.Release|Any CPU.ActiveCfg = Release|Any CPU
		{80F6F920-332A-4C30-852D-B7572EBF5DC7}.Release|Any CPU.Build.0 = Release|Any CPU
		{74FFCF04-536A-430A-8DBE-883FA96A9BF5}.Debug|Any CPU.ActiveCfg = Debug|Any CPU
		{74FFCF04-536A-430A-8DBE-883FA96A9BF5}.Debug|Any CPU.Build.0 = Debug|Any CPU
		{74FFCF04-536A-430A-8DBE-883FA96A9BF5}.Release|Any CPU.ActiveCfg = Debug|Any CPU
		{74FFCF04-536A-430A-8DBE-883FA96A9BF5}.Release|Any CPU.Build.0 = Debug|Any CPU
	EndGlobalSection
	GlobalSection(SolutionProperties) = preSolution
		HideSolutionNode = FALSE
	EndGlobalSection
	GlobalSection(ExtensibilityGlobals) = postSolution
		SolutionGuid = {18182B58-5545-4DA0-A0F3-44A32ACD4483}
	EndGlobalSection
EndGlobal
